
Microsoft Visual Studio Solution File, Format Version 12.00
# Visual Studio Version 17
VisualStudioVersion = 17.14.36414.22
MinimumVisualStudioVersion = 10.0.40219.1
Project("{FAE04EC0-301F-11D3-BF4B-00C04F79EFBC}") = "EstateAgency.Domain", "EstateAgency.Domain\EstateAgency.Domain.csproj", "{8A48C6FE-5077-46E1-A44A-7EA9AF0C072E}"
EndProject
Project("{FAE04EC0-301F-11D3-BF4B-00C04F79EFBC}") = "EstateAgency.Test", "EstateAgency.Test\EstateAgency.Test.csproj", "{DA776BBE-A2B0-4822-B0D6-066690003824}"
EndProject
Project("{FAE04EC0-301F-11D3-BF4B-00C04F79EFBC}") = "Infrastructure", "Infrastructure\Infrastructure.csproj", "{B7B0A007-625D-4A37-BA6F-1AC672D8A843}"
	ProjectSection(ProjectDependencies) = postProject
		{8A48C6FE-5077-46E1-A44A-7EA9AF0C072E} = {8A48C6FE-5077-46E1-A44A-7EA9AF0C072E}
		{DA776BBE-A2B0-4822-B0D6-066690003824} = {DA776BBE-A2B0-4822-B0D6-066690003824}
	EndProjectSection
EndProject
Project("{FAE04EC0-301F-11D3-BF4B-00C04F79EFBC}") = "Api", "Api\Api.csproj", "{CBFA08EA-AECE-205F-7B85-326FD0B81BAD}"
	ProjectSection(ProjectDependencies) = postProject
		{8A48C6FE-5077-46E1-A44A-7EA9AF0C072E} = {8A48C6FE-5077-46E1-A44A-7EA9AF0C072E}
		{B7B0A007-625D-4A37-BA6F-1AC672D8A843} = {B7B0A007-625D-4A37-BA6F-1AC672D8A843}
	EndProjectSection
EndProject
Project("{FAE04EC0-301F-11D3-BF4B-00C04F79EFBC}") = "EstateAgency.AppHost", "EstateAgency.AppHost\EstateAgency.AppHost.csproj", "{E481F784-E9AB-43A9-BC57-1ED53823E0C9}"
EndProject
Project("{FAE04EC0-301F-11D3-BF4B-00C04F79EFBC}") = "EstateAgency.ServiceDefaults", "EstateAgency.ServiceDefaults\EstateAgency.ServiceDefaults.csproj", "{537E4AFC-C12D-862A-4887-FDA46A35C012}"
EndProject
Project("{FAE04EC0-301F-11D3-BF4B-00C04F79EFBC}") = "Application", "Application\Application.csproj", "{4A4863E8-EB9F-4D55-A1E6-58ABF84B4CCB}"
EndProject
Global
	GlobalSection(SolutionConfigurationPlatforms) = preSolution
		Debug|Any CPU = Debug|Any CPU
		Release|Any CPU = Release|Any CPU
	EndGlobalSection
	GlobalSection(ProjectConfigurationPlatforms) = postSolution
		{8A48C6FE-5077-46E1-A44A-7EA9AF0C072E}.Debug|Any CPU.ActiveCfg = Debug|Any CPU
		{8A48C6FE-5077-46E1-A44A-7EA9AF0C072E}.Debug|Any CPU.Build.0 = Debug|Any CPU
		{8A48C6FE-5077-46E1-A44A-7EA9AF0C072E}.Release|Any CPU.ActiveCfg = Release|Any CPU
		{8A48C6FE-5077-46E1-A44A-7EA9AF0C072E}.Release|Any CPU.Build.0 = Release|Any CPU
		{DA776BBE-A2B0-4822-B0D6-066690003824}.Debug|Any CPU.ActiveCfg = Debug|Any CPU
		{DA776BBE-A2B0-4822-B0D6-066690003824}.Debug|Any CPU.Build.0 = Debug|Any CPU
		{DA776BBE-A2B0-4822-B0D6-066690003824}.Release|Any CPU.ActiveCfg = Release|Any CPU
		{DA776BBE-A2B0-4822-B0D6-066690003824}.Release|Any CPU.Build.0 = Release|Any CPU
		{B7B0A007-625D-4A37-BA6F-1AC672D8A843}.Debug|Any CPU.ActiveCfg = Debug|Any CPU
		{B7B0A007-625D-4A37-BA6F-1AC672D8A843}.Debug|Any CPU.Build.0 = Debug|Any CPU
		{B7B0A007-625D-4A37-BA6F-1AC672D8A843}.Release|Any CPU.ActiveCfg = Release|Any CPU
		{B7B0A007-625D-4A37-BA6F-1AC672D8A843}.Release|Any CPU.Build.0 = Release|Any CPU
		{CBFA08EA-AECE-205F-7B85-326FD0B81BAD}.Debug|Any CPU.ActiveCfg = Debug|Any CPU
		{CBFA08EA-AECE-205F-7B85-326FD0B81BAD}.Debug|Any CPU.Build.0 = Debug|Any CPU
		{CBFA08EA-AECE-205F-7B85-326FD0B81BAD}.Release|Any CPU.ActiveCfg = Release|Any CPU
		{CBFA08EA-AECE-205F-7B85-326FD0B81BAD}.Release|Any CPU.Build.0 = Release|Any CPU
		{E481F784-E9AB-43A9-BC57-1ED53823E0C9}.Debug|Any CPU.ActiveCfg = Debug|Any CPU
		{E481F784-E9AB-43A9-BC57-1ED53823E0C9}.Debug|Any CPU.Build.0 = Debug|Any CPU
		{E481F784-E9AB-43A9-BC57-1ED53823E0C9}.Release|Any CPU.ActiveCfg = Release|Any CPU
		{E481F784-E9AB-43A9-BC57-1ED53823E0C9}.Release|Any CPU.Build.0 = Release|Any CPU
		{537E4AFC-C12D-862A-4887-FDA46A35C012}.Debug|Any CPU.ActiveCfg = Debug|Any CPU
		{537E4AFC-C12D-862A-4887-FDA46A35C012}.Debug|Any CPU.Build.0 = Debug|Any CPU
		{537E4AFC-C12D-862A-4887-FDA46A35C012}.Release|Any CPU.ActiveCfg = Release|Any CPU
		{537E4AFC-C12D-862A-4887-FDA46A35C012}.Release|Any CPU.Build.0 = Release|Any CPU
		{4A4863E8-EB9F-4D55-A1E6-58ABF84B4CCB}.Debug|Any CPU.ActiveCfg = Debug|Any CPU
		{4A4863E8-EB9F-4D55-A1E6-58ABF84B4CCB}.Debug|Any CPU.Build.0 = Debug|Any CPU
		{4A4863E8-EB9F-4D55-A1E6-58ABF84B4CCB}.Release|Any CPU.ActiveCfg = Release|Any CPU
		{4A4863E8-EB9F-4D55-A1E6-58ABF84B4CCB}.Release|Any CPU.Build.0 = Release|Any CPU
	EndGlobalSection
	GlobalSection(SolutionProperties) = preSolution
		HideSolutionNode = FALSE
	EndGlobalSection
	GlobalSection(ExtensibilityGlobals) = postSolution
		SolutionGuid = {ED87A73B-0BF8-4AE0-B697-29425B356BED}
	EndGlobalSection
EndGlobal
