
Microsoft Visual Studio Solution File, Format Version 12.00
# Visual Studio Version 17
VisualStudioVersion = 17.14.36414.22
MinimumVisualStudioVersion = 10.0.40219.1
Project("{FAE04EC0-301F-11D3-BF4B-00C04F79EFBC}") = "EstateAgency.Domain", "EstateAgency.Domain\EstateAgency.Domain.csproj", "{8A48C6FE-5077-46E1-A44A-7EA9AF0C072E}"
EndProject
Project("{FAE04EC0-301F-11D3-BF4B-00C04F79EFBC}") = "EstateAgency.Test", "EstateAgency.Test\EstateAgency.Test.csproj", "{DA776BBE-A2B0-4822-B0D6-066690003824}"
	ProjectSection(ProjectDependencies) = postProject
		{8A48C6FE-5077-46E1-A44A-7EA9AF0C072E} = {8A48C6FE-5077-46E1-A44A-7EA9AF0C072E}
	EndProjectSection
EndProject
Global
	GlobalSection(SolutionConfigurationPlatforms) = preSolution
		Debug|Any CPU = Debug|Any CPU
		Release|Any CPU = Release|Any CPU
	EndGlobalSection
	GlobalSection(ProjectConfigurationPlatforms) = postSolution
		{8A48C6FE-5077-46E1-A44A-7EA9AF0C072E}.Debug|Any CPU.ActiveCfg = Debug|Any CPU
		{8A48C6FE-5077-46E1-A44A-7EA9AF0C072E}.Debug|Any CPU.Build.0 = Debug|Any CPU
		{8A48C6FE-5077-46E1-A44A-7EA9AF0C072E}.Release|Any CPU.ActiveCfg = Release|Any CPU
		{8A48C6FE-5077-46E1-A44A-7EA9AF0C072E}.Release|Any CPU.Build.0 = Release|Any CPU
		{DA776BBE-A2B0-4822-B0D6-066690003824}.Debug|Any CPU.ActiveCfg = Debug|Any CPU
		{DA776BBE-A2B0-4822-B0D6-066690003824}.Debug|Any CPU.Build.0 = Debug|Any CPU
		{DA776BBE-A2B0-4822-B0D6-066690003824}.Release|Any CPU.ActiveCfg = Release|Any CPU
		{DA776BBE-A2B0-4822-B0D6-066690003824}.Release|Any CPU.Build.0 = Release|Any CPU
	EndGlobalSection
	GlobalSection(SolutionProperties) = preSolution
		HideSolutionNode = FALSE
	EndGlobalSection
	GlobalSection(ExtensibilityGlobals) = postSolution
		SolutionGuid = {ED87A73B-0BF8-4AE0-B697-29425B356BED}
	EndGlobalSection
EndGlobal
